# This file is autogenerated, do not edit; changes may be undone by the next 'dep ensure'.


[[projects]]
  branch = "master"
  name = "github.com/eiannone/keyboard"
  packages = ["."]
  revision = "6d2a597fd0f1f80b2dfdab8e893792dbd9e2db45"

[[projects]]
  branch = "master"
  name = "golang.org/x/sys"
  packages = [
    "unix",
    "windows"
  ]
  revision = "bd9dbc187b6e1dacfdd2722a87e83093c2d7bd6e"

[solve-meta]
  analyzer-name = "dep"
  analyzer-version = 1
  inputs-digest = "7ed30beb961e39590a482784d7a91f99ee6ab1798cf0add28a1965ec9141ce5e"
  solver-name = "gps-cdcl"
  solver-version = 1
